<?xml version="1.0" encoding="utf-8"?>
<Project ToolsVersion="4.0" xmlns="http://schemas.microsoft.com/developer/msbuild/2003">
  <ItemGroup>
    <ClCompile Include="radarConfig.cpp">
      <Filter>Source Files</Filter>
    </ClCompile>
    <ClCompile Include="buffers.cpp">
      <Filter>Source Files</Filter>
    </ClCompile>
    <ClCompile Include="colormap.cpp">
      <Filter>Source Files</Filter>
    </ClCompile>
    <ClCompile Include="globals.cpp">
      <Filter>Source Files</Filter>
    </ClCompile>
    <ClCompile Include="ImageDisplay.cpp">
      <Filter>Source Files</Filter>
    </ClCompile>
    <ClCompile Include="logMessages.cpp">
      <Filter>Source Files</Filter>
    </ClCompile>
    <ClCompile Include="process.cpp">
      <Filter>Source Files</Filter>
    </ClCompile>
    <ClCompile Include="radar_io.cpp">
      <Filter>Source Files</Filter>
    </ClCompile>
    <ClCompile Include="stdafx.cpp">
      <Filter>Source Files</Filter>
    </ClCompile>
    <ClCompile Include="timing.cpp">
      <Filter>Source Files</Filter>
    </ClCompile>
    <ClCompile Include="calibration.cpp">
      <Filter>Source Files</Filter>
    </ClCompile>
    <ClCompile Include="consoleMonitor.cpp">
      <Filter>Source Files</Filter>
    </ClCompile>
    <ClCompile Include="radarControl.cpp">
      <Filter>Source Files</Filter>
    </ClCompile>
    <ClCompile Include="radarSim.cpp">
      <Filter>Source Files</Filter>
    </ClCompile>
    <ClCompile Include="main.cpp">
      <Filter>Source Files</Filter>
    </ClCompile>
    <ClCompile Include="GUI.cpp">
      <Filter>Source Files</Filter>
    </ClCompile>
  </ItemGroup>
  <ItemGroup>
    <ClInclude Include="colormap.h">
      <Filter>Header Files</Filter>
    </ClInclude>
    <ClInclude Include="ImageDisplay.h">
      <Filter>Header Files</Filter>
    </ClInclude>
    <ClInclude Include="logMessages.h">
      <Filter>Header Files</Filter>
    </ClInclude>
    <ClInclude Include="radarc.h">
      <Filter>Header Files</Filter>
    </ClInclude>
    <ClInclude Include="radarConfig.h">
      <Filter>Header Files</Filter>
    </ClInclude>
    <ClInclude Include="RadarRTP.h">
      <Filter>Header Files</Filter>
    </ClInclude>
    <ClInclude Include="resource.h">
      <Filter>Header Files</Filter>
    </ClInclude>
    <ClInclude Include="stdafx.h">
      <Filter>Header Files</Filter>
    </ClInclude>
    <ClInclude Include="targetver.h">
      <Filter>Header Files</Filter>
    </ClInclude>
    <ClInclude Include="GUI.h">
      <Filter>Header Files</Filter>
    </ClInclude>
  </ItemGroup>
  <ItemGroup>
    <None Include="RadarRTP.aps" />
  </ItemGroup>
  <ItemGroup>
    <Filter Include="Header Files">
      <UniqueIdentifier>{ab116e5b-8659-4f27-a050-37a5d49882f0}</UniqueIdentifier>
    </Filter>
    <Filter Include="Source Files">
      <UniqueIdentifier>{bcbb742c-0465-44c6-a594-6748f86ae187}</UniqueIdentifier>
    </Filter>
  </ItemGroup>
</Project>